
Microsoft Visual Studio Solution File, Format Version 12.00
# Visual Studio Version 17
VisualStudioVersion = 17.8.34004.107
MinimumVisualStudioVersion = 10.0.40219.1
Project("{FAE04EC0-301F-11D3-BF4B-00C04F79EFBC}") = "FptTrainingSystem", "FptTrainingSystem\FptTrainingSystem.csproj", "{D6AD3C01-80FD-470B-B380-26B680FE43FD}"
EndProject
Global
	GlobalSection(SolutionConfigurationPlatforms) = preSolution
		Debug|Any CPU = Debug|Any CPU
		Release|Any CPU = Release|Any CPU
	EndGlobalSection
	GlobalSection(ProjectConfigurationPlatforms) = postSolution
		{D6AD3C01-80FD-470B-B380-26B680FE43FD}.Debug|Any CPU.ActiveCfg = Debug|Any CPU
		{D6AD3C01-80FD-470B-B380-26B680FE43FD}.Debug|Any CPU.Build.0 = Debug|Any CPU
		{D6AD3C01-80FD-470B-B380-26B680FE43FD}.Release|Any CPU.ActiveCfg = Release|Any CPU
		{D6AD3C01-80FD-470B-B380-26B680FE43FD}.Release|Any CPU.Build.0 = Release|Any CPU
	EndGlobalSection
	GlobalSection(SolutionProperties) = preSolution
		HideSolutionNode = FALSE
	EndGlobalSection
	GlobalSection(ExtensibilityGlobals) = postSolution
		SolutionGuid = {C13ABD81-D248-4C18-8181-F93DBB631E01}
	EndGlobalSection
EndGlobal
